
Microsoft Visual Studio Solution File, Format Version 12.00
# Visual Studio Version 17
VisualStudioVersion = 17.8.34322.80
MinimumVisualStudioVersion = 10.0.40219.1
Project("{FAE04EC0-301F-11D3-BF4B-00C04F79EFBC}") = "Dynamic Multiplication Table Creator", "Dynamic Multiplication Table Creator\Dynamic Multiplication Table Creator.csproj", "{705A3A8F-7BAA-4E90-957F-738C3C33D77C}"
EndProject
Global
	GlobalSection(SolutionConfigurationPlatforms) = preSolution
		Debug|Any CPU = Debug|Any CPU
		Release|Any CPU = Release|Any CPU
	EndGlobalSection
	GlobalSection(ProjectConfigurationPlatforms) = postSolution
		{705A3A8F-7BAA-4E90-957F-738C3C33D77C}.Debug|Any CPU.ActiveCfg = Debug|Any CPU
		{705A3A8F-7BAA-4E90-957F-738C3C33D77C}.Debug|Any CPU.Build.0 = Debug|Any CPU
		{705A3A8F-7BAA-4E90-957F-738C3C33D77C}.Release|Any CPU.ActiveCfg = Release|Any CPU
		{705A3A8F-7BAA-4E90-957F-738C3C33D77C}.Release|Any CPU.Build.0 = Release|Any CPU
	EndGlobalSection
	GlobalSection(SolutionProperties) = preSolution
		HideSolutionNode = FALSE
	EndGlobalSection
	GlobalSection(ExtensibilityGlobals) = postSolution
		SolutionGuid = {557D3EFE-5070-477C-B4F8-64DCC83D6C9F}
	EndGlobalSection
EndGlobal
